// !$*UTF8*$!
{
	archiveVersion = 1;
	classes = {
	};
	objectVersion = 46;
	objects = {

/* Begin PBXBuildFile section */
		656912B7158E7F2400C99F40 /* Cocoa.framework in Frameworks */ = {isa = PBXBuildFile; fileRef = 656912B6158E7F2400C99F40 /* Cocoa.framework */; };
		656912C1158E7F2400C99F40 /* InfoPlist.strings in Resources */ = {isa = PBXBuildFile; fileRef = 656912BF158E7F2400C99F40 /* InfoPlist.strings */; };
		656912C3158E7F2400C99F40 /* main.m in Sources */ = {isa = PBXBuildFile; fileRef = 656912C2158E7F2400C99F40 /* main.m */; };
		656912C7158E7F2400C99F40 /* Credits.rtf in Resources */ = {isa = PBXBuildFile; fileRef = 656912C5158E7F2400C99F40 /* Credits.rtf */; };
		656912CA158E7F2400C99F40 /* MDAppDelegate.m in Sources */ = {isa = PBXBuildFile; fileRef = 656912C9158E7F2400C99F40 /* MDAppDelegate.m */; };
		656912CD158E7F2400C99F40 /* MainMenu.xib in Resources */ = {isa = PBXBuildFile; fileRef = 656912CB158E7F2400C99F40 /* MainMenu.xib */; };
		656912E0158F89CF00C99F40 /* Make-DVD-Icon.png in Resources */ = {isa = PBXBuildFile; fileRef = 656912DE158F89C300C99F40 /* Make-DVD-Icon.png */; };
/* End PBXBuildFile section */

/* Begin PBXFileReference section */
		656912B2158E7F2400C99F40 /* Make DVD.app */ = {isa = PBXFileReference; explicitFileType = wrapper.application; includeInIndex = 0; path = "Make DVD.app"; sourceTree = BUILT_PRODUCTS_DIR; };
		656912B6158E7F2400C99F40 /* Cocoa.framework */ = {isa = PBXFileReference; lastKnownFileType = wrapper.framework; name = Cocoa.framework; path = System/Library/Frameworks/Cocoa.framework; sourceTree = SDKROOT; };
		656912B9158E7F2400C99F40 /* AppKit.framework */ = {isa = PBXFileReference; lastKnownFileType = wrapper.framework; name = AppKit.framework; path = System/Library/Frameworks/AppKit.framework; sourceTree = SDKROOT; };
		656912BA158E7F2400C99F40 /* CoreData.framework */ = {isa = PBXFileReference; lastKnownFileType = wrapper.framework; name = CoreData.framework; path = System/Library/Frameworks/CoreData.framework; sourceTree = SDKROOT; };
		656912BB158E7F2400C99F40 /* Foundation.framework */ = {isa = PBXFileReference; lastKnownFileType = wrapper.framework; name = Foundation.framework; path = System/Library/Frameworks/Foundation.framework; sourceTree = SDKROOT; };
		656912BE158E7F2400C99F40 /* Make DVD-Info.plist */ = {isa = PBXFileReference; lastKnownFileType = text.plist.xml; path = "Make DVD-Info.plist"; sourceTree = "<group>"; };
		656912C0158E7F2400C99F40 /* en */ = {isa = PBXFileReference; lastKnownFileType = text.plist.strings; name = en; path = en.lproj/InfoPlist.strings; sourceTree = "<group>"; };
		656912C2158E7F2400C99F40 /* main.m */ = {isa = PBXFileReference; lastKnownFileType = sourcecode.c.objc; path = main.m; sourceTree = "<group>"; };
		656912C4158E7F2400C99F40 /* Make DVD-Prefix.pch */ = {isa = PBXFileReference; lastKnownFileType = sourcecode.c.h; path = "Make DVD-Prefix.pch"; sourceTree = "<group>"; };
		656912C6158E7F2400C99F40 /* en */ = {isa = PBXFileReference; lastKnownFileType = text.rtf; name = en; path = en.lproj/Credits.rtf; sourceTree = "<group>"; };
		656912C8158E7F2400C99F40 /* MDAppDelegate.h */ = {isa = PBXFileReference; lastKnownFileType = sourcecode.c.h; path = MDAppDelegate.h; sourceTree = "<group>"; };
		656912C9158E7F2400C99F40 /* MDAppDelegate.m */ = {isa = PBXFileReference; lastKnownFileType = sourcecode.c.objc; path = MDAppDelegate.m; sourceTree = "<group>"; };
		656912CC158E7F2400C99F40 /* en */ = {isa = PBXFileReference; lastKnownFileType = file.xib; name = en; path = en.lproj/MainMenu.xib; sourceTree = "<group>"; };
		656912DE158F89C300C99F40 /* Make-DVD-Icon.png */ = {isa = PBXFileReference; lastKnownFileType = image.png; path = "Make-DVD-Icon.png"; sourceTree = "<group>"; };
/* End PBXFileReference section */

/* Begin PBXFrameworksBuildPhase section */
		656912AF158E7F2400C99F40 /* Frameworks */ = {
			isa = PBXFrameworksBuildPhase;
			buildActionMask = 2147483647;
			files = (
				656912B7158E7F2400C99F40 /* Cocoa.framework in Frameworks */,
			);
			runOnlyForDeploymentPostprocessing = 0;
		};
/* End PBXFrameworksBuildPhase section */

/* Begin PBXGroup section */
		656912A7158E7F2400C99F40 = {
			isa = PBXGroup;
			children = (
				656912DE158F89C300C99F40 /* Make-DVD-Icon.png */,
				656912BC158E7F2400C99F40 /* Make DVD */,
				656912B5158E7F2400C99F40 /* Frameworks */,
				656912B3158E7F2400C99F40 /* Products */,
			);
			sourceTree = "<group>";
		};
		656912B3158E7F2400C99F40 /* Products */ = {
			isa = PBXGroup;
			children = (
				656912B2158E7F2400C99F40 /* Make DVD.app */,
			);
			name = Products;
			sourceTree = "<group>";
		};
		656912B5158E7F2400C99F40 /* Frameworks */ = {
			isa = PBXGroup;
			children = (
				656912B6158E7F2400C99F40 /* Cocoa.framework */,
				656912B8158E7F2400C99F40 /* Other Frameworks */,
			);
			name = Frameworks;
			sourceTree = "<group>";
		};
		656912B8158E7F2400C99F40 /* Other Frameworks */ = {
			isa = PBXGroup;
			children = (
				656912B9158E7F2400C99F40 /* AppKit.framework */,
				656912BA158E7F2400C99F40 /* CoreData.framework */,
				656912BB158E7F2400C99F40 /* Foundation.framework */,
			);
			name = "Other Frameworks";
			sourceTree = "<group>";
		};
		656912BC158E7F2400C99F40 /* Make DVD */ = {
			isa = PBXGroup;
			children = (
				656912C8158E7F2400C99F40 /* MDAppDelegate.h */,
				656912C9158E7F2400C99F40 /* MDAppDelegate.m */,
				656912CB158E7F2400C99F40 /* MainMenu.xib */,
				656912BD158E7F2400C99F40 /* Supporting Files */,
			);
			path = "Make DVD";
			sourceTree = "<group>";
		};
		656912BD158E7F2400C99F40 /* Supporting Files */ = {
			isa = PBXGroup;
			children = (
				656912BE158E7F2400C99F40 /* Make DVD-Info.plist */,
				656912BF158E7F2400C99F40 /* InfoPlist.strings */,
				656912C2158E7F2400C99F40 /* main.m */,
				656912C4158E7F2400C99F40 /* Make DVD-Prefix.pch */,
				656912C5158E7F2400C99F40 /* Credits.rtf */,
			);
			name = "Supporting Files";
			sourceTree = "<group>";
		};
/* End PBXGroup section */

/* Begin PBXNativeTarget section */
		656912B1158E7F2400C99F40 /* Make DVD */ = {
			isa = PBXNativeTarget;
			buildConfigurationList = 656912D0158E7F2400C99F40 /* Build configuration list for PBXNativeTarget "Make DVD" */;
			buildPhases = (
				656912AE158E7F2400C99F40 /* Sources */,
				656912AF158E7F2400C99F40 /* Frameworks */,
				656912B0158E7F2400C99F40 /* Resources */,
			);
			buildRules = (
			);
			dependencies = (
			);
			name = "Make DVD";
			productName = "Make DVD";
			productReference = 656912B2158E7F2400C99F40 /* Make DVD.app */;
			productType = "com.apple.product-type.application";
		};
/* End PBXNativeTarget section */

/* Begin PBXProject section */
		656912A9158E7F2400C99F40 /* Project object */ = {
			isa = PBXProject;
			attributes = {
				CLASSPREFIX = MD;
				LastUpgradeCheck = 0430;
				ORGANIZATIONNAME = "Scott Jann";
			};
			buildConfigurationList = 656912AC158E7F2400C99F40 /* Build configuration list for PBXProject "Make DVD" */;
			compatibilityVersion = "Xcode 3.2";
			developmentRegion = English;
			hasScannedForEncodings = 0;
			knownRegions = (
				en,
			);
			mainGroup = 656912A7158E7F2400C99F40;
			productRefGroup = 656912B3158E7F2400C99F40 /* Products */;
			projectDirPath = "";
			projectRoot = "";
			targets = (
				656912B1158E7F2400C99F40 /* Make DVD */,
			);
		};
/* End PBXProject section */

/* Begin PBXResourcesBuildPhase section */
		656912B0158E7F2400C99F40 /* Resources */ = {
			isa = PBXResourcesBuildPhase;
			buildActionMask = 2147483647;
			files = (
				656912C1158E7F2400C99F40 /* InfoPlist.strings in Resources */,
				656912C7158E7F2400C99F40 /* Credits.rtf in Resources */,
				656912CD158E7F2400C99F40 /* MainMenu.xib in Resources */,
				656912E0158F89CF00C99F40 /* Make-DVD-Icon.png in Resources */,
			);
			runOnlyForDeploymentPostprocessing = 0;
		};
/* End PBXResourcesBuildPhase section */

/* Begin PBXSourcesBuildPhase section */
		656912AE158E7F2400C99F40 /* Sources */ = {
			isa = PBXSourcesBuildPhase;
			buildActionMask = 2147483647;
			files = (
				656912C3158E7F2400C99F40 /* main.m in Sources */,
				656912CA158E7F2400C99F40 /* MDAppDelegate.m in Sources */,
			);
			runOnlyForDeploymentPostprocessing = 0;
		};
/* End PBXSourcesBuildPhase section */

/* Begin PBXVariantGroup section */
		656912BF158E7F2400C99F40 /* InfoPlist.strings */ = {
			isa = PBXVariantGroup;
			children = (
				656912C0158E7F2400C99F40 /* en */,
			);
			name = InfoPlist.strings;
			sourceTree = "<group>";
		};
		656912C5158E7F2400C99F40 /* Credits.rtf */ = {
			isa = PBXVariantGroup;
			children = (
				656912C6158E7F2400C99F40 /* en */,
			);
			name = Credits.rtf;
			sourceTree = "<group>";
		};
		656912CB158E7F2400C99F40 /* MainMenu.xib */ = {
			isa = PBXVariantGroup;
			children = (
				656912CC158E7F2400C99F40 /* en */,
			);
			name = MainMenu.xib;
			sourceTree = "<group>";
		};
/* End PBXVariantGroup section */

/* Begin XCBuildConfiguration section */
		656912CE158E7F2400C99F40 /* Debug */ = {
			isa = XCBuildConfiguration;
			buildSettings = {
				ALWAYS_SEARCH_USER_PATHS = NO;
				ARCHS = "$(ARCHS_STANDARD_64_BIT)";
				CLANG_ENABLE_OBJC_ARC = YES;
				COPY_PHASE_STRIP = NO;
				GCC_C_LANGUAGE_STANDARD = gnu99;
				GCC_DYNAMIC_NO_PIC = NO;
				GCC_ENABLE_OBJC_EXCEPTIONS = YES;
				GCC_OPTIMIZATION_LEVEL = 0;
				GCC_PREPROCESSOR_DEFINITIONS = (
					"DEBUG=1",
					"$(inherited)",
				);
				GCC_SYMBOLS_PRIVATE_EXTERN = NO;
				GCC_VERSION = com.apple.compilers.llvm.clang.1_0;
				GCC_WARN_64_TO_32_BIT_CONVERSION = YES;
				GCC_WARN_ABOUT_RETURN_TYPE = YES;
				GCC_WARN_UNINITIALIZED_AUTOS = YES;
				GCC_WARN_UNUSED_VARIABLE = YES;
				MACOSX_DEPLOYMENT_TARGET = 10.7;
				ONLY_ACTIVE_ARCH = YES;
				SDKROOT = macosx;
			};
			name = Debug;
		};
		656912CF158E7F2400C99F40 /* Release */ = {
			isa = XCBuildConfiguration;
			buildSettings = {
				ALWAYS_SEARCH_USER_PATHS = NO;
				ARCHS = "$(ARCHS_STANDARD_64_BIT)";
				CLANG_ENABLE_OBJC_ARC = YES;
				COPY_PHASE_STRIP = YES;
				DEBUG_INFORMATION_FORMAT = "dwarf-with-dsym";
				GCC_C_LANGUAGE_STANDARD = gnu99;
				GCC_ENABLE_OBJC_EXCEPTIONS = YES;
				GCC_VERSION = com.apple.compilers.llvm.clang.1_0;
				GCC_WARN_64_TO_32_BIT_CONVERSION = YES;
				GCC_WARN_ABOUT_RETURN_TYPE = YES;
				GCC_WARN_UNINITIALIZED_AUTOS = YES;
				GCC_WARN_UNUSED_VARIABLE = YES;
				MACOSX_DEPLOYMENT_TARGET = 10.7;
				SDKROOT = macosx;
			};
			name = Release;
		};
		656912D1158E7F2400C99F40 /* Debug */ = {
			isa = XCBuildConfiguration;
			buildSettings = {
				GCC_PRECOMPILE_PREFIX_HEADER = YES;
				GCC_PREFIX_HEADER = "Make DVD/Make DVD-Prefix.pch";
				INFOPLIST_FILE = "Make DVD/Make DVD-Info.plist";
				PRODUCT_NAME = "$(TARGET_NAME)";
				WRAPPER_EXTENSION = app;
			};
			name = Debug;
		};
		656912D2158E7F2400C99F40 /* Release */ = {
			isa = XCBuildConfiguration;
			buildSettings = {
				GCC_PRECOMPILE_PREFIX_HEADER = YES;
				GCC_PREFIX_HEADER = "Make DVD/Make DVD-Prefix.pch";
				INFOPLIST_FILE = "Make DVD/Make DVD-Info.plist";
				PRODUCT_NAME = "$(TARGET_NAME)";
				WRAPPER_EXTENSION = app;
			};
			name = Release;
		};
/* End XCBuildConfiguration section */

/* Begin XCConfigurationList section */
		656912AC158E7F2400C99F40 /* Build configuration list for PBXProject "Make DVD" */ = {
			isa = XCConfigurationList;
			buildConfigurations = (
				656912CE158E7F2400C99F40 /* Debug */,
				656912CF158E7F2400C99F40 /* Release */,
			);
			defaultConfigurationIsVisible = 0;
			defaultConfigurationName = Release;
		};
		656912D0158E7F2400C99F40 /* Build configuration list for PBXNativeTarget "Make DVD" */ = {
			isa = XCConfigurationList;
			buildConfigurations = (
				656912D1158E7F2400C99F40 /* Debug */,
				656912D2158E7F2400C99F40 /* Release */,
			);
			defaultConfigurationIsVisible = 0;
			defaultConfigurationName = Release;
		};
/* End XCConfigurationList section */
	};
	rootObject = 656912A9158E7F2400C99F40 /* Project object */;
}
